
Microsoft Visual Studio Solution File, Format Version 12.00
Project("{FAE04EC0-301F-11D3-BF4B-00C04F79EFBC}") = "webhook", "webhook\webhook.csproj", "{1C607570-7A0E-417E-A03A-4CD90B65E315}"
EndProject
Project("{FAE04EC0-301F-11D3-BF4B-00C04F79EFBC}") = "DAL", "DAL\DAL.csproj", "{D0D9DF4B-1756-470C-998F-457888CB75FD}"
EndProject
Global
	GlobalSection(SolutionConfigurationPlatforms) = preSolution
		Debug|Any CPU = Debug|Any CPU
		Release|Any CPU = Release|Any CPU
	EndGlobalSection
	GlobalSection(ProjectConfigurationPlatforms) = postSolution
		{1C607570-7A0E-417E-A03A-4CD90B65E315}.Debug|Any CPU.ActiveCfg = Debug|Any CPU
		{1C607570-7A0E-417E-A03A-4CD90B65E315}.Debug|Any CPU.Build.0 = Debug|Any CPU
		{1C607570-7A0E-417E-A03A-4CD90B65E315}.Release|Any CPU.ActiveCfg = Release|Any CPU
		{1C607570-7A0E-417E-A03A-4CD90B65E315}.Release|Any CPU.Build.0 = Release|Any CPU
		{D0D9DF4B-1756-470C-998F-457888CB75FD}.Debug|Any CPU.ActiveCfg = Debug|Any CPU
		{D0D9DF4B-1756-470C-998F-457888CB75FD}.Debug|Any CPU.Build.0 = Debug|Any CPU
		{D0D9DF4B-1756-470C-998F-457888CB75FD}.Release|Any CPU.ActiveCfg = Release|Any CPU
		{D0D9DF4B-1756-470C-998F-457888CB75FD}.Release|Any CPU.Build.0 = Release|Any CPU
	EndGlobalSection
EndGlobal
